
Microsoft Visual Studio Solution File, Format Version 12.00
# Visual Studio 15
VisualStudioVersion = 15.0.27130.2027
MinimumVisualStudioVersion = 10.0.40219.1
Project("{FAE04EC0-301F-11D3-BF4B-00C04F79EFBC}") = "AspNetCoreVideo", "AspNetCoreVideo\AspNetCoreVideo.csproj", "{FDD54874-07DF-405F-981E-809C84A33FEB}"
EndProject
Global
	GlobalSection(SolutionConfigurationPlatforms) = preSolution
		Debug|Any CPU = Debug|Any CPU
		Release|Any CPU = Release|Any CPU
	EndGlobalSection
	GlobalSection(ProjectConfigurationPlatforms) = postSolution
		{FDD54874-07DF-405F-981E-809C84A33FEB}.Debug|Any CPU.ActiveCfg = Debug|Any CPU
		{FDD54874-07DF-405F-981E-809C84A33FEB}.Debug|Any CPU.Build.0 = Debug|Any CPU
		{FDD54874-07DF-405F-981E-809C84A33FEB}.Release|Any CPU.ActiveCfg = Release|Any CPU
		{FDD54874-07DF-405F-981E-809C84A33FEB}.Release|Any CPU.Build.0 = Release|Any CPU
	EndGlobalSection
	GlobalSection(SolutionProperties) = preSolution
		HideSolutionNode = FALSE
	EndGlobalSection
	GlobalSection(ExtensibilityGlobals) = postSolution
		SolutionGuid = {F83C820C-B99B-4849-A93D-6C1931EAECE5}
	EndGlobalSection
EndGlobal
